{
  "version": "2",
  "remote": {
    "https://deno.land/std@0.139.0/fmt/colors.ts": "30455035d6d728394781c10755351742dd731e3db6771b1843f9b9e490104d37",
    "https://deno.land/std@0.139.0/testing/_diff.ts": "029a00560b0d534bc0046f1bce4bd36b3b41ada3f2a3178c85686eb2ff5f1413",
    "https://deno.land/std@0.139.0/testing/_format.ts": "0d8dc79eab15b67cdc532826213bbe05bccfd276ca473a50a3fc7bbfb7260642",
    "https://deno.land/std@0.139.0/testing/asserts.ts": "dc7ab67b635063989b4aec8620dbcc6fa7c2465f2d9c856bddf8c0e7b45b4481",
    "https://deno.land/std@0.172.0/fmt/colors.ts": "938c5d44d889fb82eff6c358bea8baa7e85950a16c9f6dae3ec3a7a729164471",
    "https://deno.land/std@0.172.0/testing/_diff.ts": "1a3c044aedf77647d6cac86b798c6417603361b66b54c53331b312caeb447aea",
    "https://deno.land/std@0.172.0/testing/_format.ts": "a69126e8a469009adf4cf2a50af889aca364c349797e63174884a52ff75cf4c7",
    "https://deno.land/std@0.172.0/testing/asserts.ts": "984ab0bfb3faeed92ffaa3a6b06536c66811185328c5dd146257c702c41b01ab",
    "https://deno.land/std@0.172.0/testing/mock.ts": "220ed9b8151cb2cac141043d4cfea7c47673fab5d18d1c1f0943297c8afb5d13",
    "https://deno.land/x/encodeurl@1.0.0/mod.ts": "b797af240fd3c4b3876b3f32b8c2404601e5503c4a10afa719e54815056685d8",
    "https://esm.sh/fp-ts@2.13.1/Option": "8feff939535fea7efc1e4cd87ac21efe9f48488654bd5581c1e4407360eb8b5c",
    "https://esm.sh/fp-ts@2.13.1/Task": "b351cc14fc6c7e33674816c8c488d3015eec39545fe5cda2d11c1aaed6a60b42",
    "https://esm.sh/fp-ts@2.13.1/TaskEither": "d04b3f6a2d10fc96b0e0723bb446a02e7c5ddaa4d204fb78c7090c330ecd3beb",
    "https://esm.sh/fp-ts@2.13.1/TaskOption": "4af29dbdac623346681748c14c8e30feba0395e6705aaf7e75499864a9008898",
    "https://esm.sh/fp-ts@2.13.1/function": "78d72e3799951dbce568ada8f19063a0623bd69696a6240f111f3d9d8245ed99",
    "https://esm.sh/v103/fp-ts@2.13.1/deno/lib/Applicative.js": "59c8907f97c99b0c691058e166be4d952e776fb92cbf0c2309a3cff5d119bed7",
    "https://esm.sh/v103/fp-ts@2.13.1/deno/lib/Apply.js": "a595b9823865f7a8bf103ce09c614715d55dc1d89550e88a2688b3100b817ea4",
    "https://esm.sh/v103/fp-ts@2.13.1/deno/lib/Array.js": "797d7cdde380be1338feb1df468789c82693d67b2e1cd30871d30562642ba34c",
    "https://esm.sh/v103/fp-ts@2.13.1/deno/lib/Chain.js": "b9b09fa7e4444cedf93ac39ff13e7549b4c9e86da2e3394e426183cde69ff19b",
    "https://esm.sh/v103/fp-ts@2.13.1/deno/lib/Eq.js": "c33e02ddfaca270776582f97d9111bea6e25fd56b4de395eb552a701f32e41fb",
    "https://esm.sh/v103/fp-ts@2.13.1/deno/lib/FromEither.js": "ded62d5010bed813453a321e1cc273a83cfe2fec04d340ed5fd9d8702979df9d",
    "https://esm.sh/v103/fp-ts@2.13.1/deno/lib/Functor.js": "04a00ff50da0436f00c5b1a23962dda9a906c46888c40394f2c1fcb31383b55f",
    "https://esm.sh/v103/fp-ts@2.13.1/deno/lib/Magma.js": "c5a1f28c2b4107b8e4938c3c7866323619640d927bb4da9d4ccd7e3fb1e03fd0",
    "https://esm.sh/v103/fp-ts@2.13.1/deno/lib/NonEmptyArray.js": "4fdce7a17a5459f293af2ad0e1ed3f33e031a57eee75c7c6c604825b7a138708",
    "https://esm.sh/v103/fp-ts@2.13.1/deno/lib/Option.js": "f13113d1c2d71280a829690a25b95dbc17134fb32ce30a1efc4aa4ce2ef3dd17",
    "https://esm.sh/v103/fp-ts@2.13.1/deno/lib/Ord.js": "9c008069fd1fdd6608506a52f2f583319c2df9a867100343b992861913ee2d7b",
    "https://esm.sh/v103/fp-ts@2.13.1/deno/lib/Predicate.js": "34e3802e509e12058f2c1d6ea68659234a4a37758e6a80f51615bb98ff6925bb",
    "https://esm.sh/v103/fp-ts@2.13.1/deno/lib/ReadonlyArray.js": "869e20a8a37133d7ea0c8344be6de2436ea004f1ea54a67330df7b19c3a56ab9",
    "https://esm.sh/v103/fp-ts@2.13.1/deno/lib/ReadonlyNonEmptyArray.js": "f9899d575bb3d94ba7b49a4f8086f10e2deaad2f2d8ee3538418f8bcabd95a04",
    "https://esm.sh/v103/fp-ts@2.13.1/deno/lib/ReadonlyRecord.js": "9aed021964bd4b1a8eb3a9b35845c99011b5031ac985007b38c22d210820dac0",
    "https://esm.sh/v103/fp-ts@2.13.1/deno/lib/Record.js": "7dad9c1f9b58469ba439475c2e19adf60e1094d4de97ef5de6b127270fd6f359",
    "https://esm.sh/v103/fp-ts@2.13.1/deno/lib/Semigroup.js": "092afdbf7c6fd40335498c8107333f4a7d3acbcc6707bd4d23eb5dd278eb17d5",
    "https://esm.sh/v103/fp-ts@2.13.1/deno/lib/Separated.js": "6792c516e6fd89d4f4b3c9946bd534753e66ec19050aa047d06af0c9b6247dd0",
    "https://esm.sh/v103/fp-ts@2.13.1/deno/lib/Witherable.js": "e7df217bfffe4562a0b65a76ab14bdd5d9272f428cacd46136f4ca119b75400f",
    "https://esm.sh/v103/fp-ts@2.13.1/deno/lib/Zero.js": "de6fedd30d03994e18df149382cdd034c586901eede993052d5c993b7d225f6d",
    "https://esm.sh/v103/fp-ts@2.13.1/deno/lib/function.js": "a98b1d5e176fc8529321c41ee58ddb66d11e41dd4c8e32ac672b926d0b47ed4f",
    "https://esm.sh/v103/fp-ts@2.13.1/deno/lib/internal.js": "1857a75284ae1b51de920db76e57f4fc1678af23ae712062851380f6de89fddb",
    "https://esm.sh/v103/fp-ts@2.13.1/deno/lib/number.js": "be54e419707935f5498ddbd4f477e3260163bbe78b86101998cdc22760f696f5",
    "https://esm.sh/v103/fp-ts@2.13.1/deno/lib/string.js": "9f03cd8606fd97c64778cc03def352e38cdce5c287b0573abeb4739c3bd4917f",
    "https://esm.sh/v103/fp-ts@2.13.1/lib/Alt.d.ts": "335b619142541a766013dd602c4f8e514092aa9ad1d5ed60ba79664feabd8840",
    "https://esm.sh/v103/fp-ts@2.13.1/lib/Alternative.d.ts": "c346e74c73127f0a5e887fc6ffac8d3db38dd1e33536d48832639488552fac9b",
    "https://esm.sh/v103/fp-ts@2.13.1/lib/Applicative.d.ts": "aafe863b8d5a905859d461e85992eeb13b62033203cf40489724f08f0cc97176",
    "https://esm.sh/v103/fp-ts@2.13.1/lib/Apply.d.ts": "47e0100ff9114211e2aaa6e8ac8054fd2599727f0a60b037dcae333c5bbf217a",
    "https://esm.sh/v103/fp-ts@2.13.1/lib/Bifunctor.d.ts": "64a547ccb368ba42307bbdf3a0552916ba1bc0dfca54edb61c5ad859b2061bb5",
    "https://esm.sh/v103/fp-ts@2.13.1/lib/BooleanAlgebra.d.ts": "0ace63c2b6fb78dbb43da90cd5cf9f773427ac32d254beebf78801b0b0423cff",
    "https://esm.sh/v103/fp-ts@2.13.1/lib/Bounded.d.ts": "fef9c8878c6b78560da003bf59e4d1e0f1af9a4bd15310f48ec9376b9ce1c5c8",
    "https://esm.sh/v103/fp-ts@2.13.1/lib/BoundedDistributiveLattice.d.ts": "5f4aad52b72a6a9c45e9ca942bb314760ee0cdf41b253db952d58a92f49cc8ed",
    "https://esm.sh/v103/fp-ts@2.13.1/lib/BoundedJoinSemilattice.d.ts": "7e43c5e40678c6fda9d13d874e4aa5cf692e656717499a63b278f45c0f54363a",
    "https://esm.sh/v103/fp-ts@2.13.1/lib/BoundedLattice.d.ts": "131fb1560244281221b3d97fc4568e7fb3b68aeccaa117741a789093bc7cc9fe",
    "https://esm.sh/v103/fp-ts@2.13.1/lib/BoundedMeetSemilattice.d.ts": "bf354f68efc8f1f57aa66c887b6b00a483f43a158d4b93c408784966ca50bbc8",
    "https://esm.sh/v103/fp-ts@2.13.1/lib/Chain.d.ts": "10ec339a80b730d76e46f3d6694d24726eb644c8f1a668f259b90ac8354237b9",
    "https://esm.sh/v103/fp-ts@2.13.1/lib/ChainRec.d.ts": "4614917344f1a4bfe5a913d1cebcb9a4797ed772f0f741d9a62c6e39d22e1983",
    "https://esm.sh/v103/fp-ts@2.13.1/lib/Comonad.d.ts": "ebd8e7acb6f988bd90948f754ec3d09fdddd1f44c078d27e6795b776083e143f",
    "https://esm.sh/v103/fp-ts@2.13.1/lib/Compactable.d.ts": "5a7c099d765367ff27cdc4352fee6bb5acc9f60a1db23a1b0641356fda1d2f7f",
    "https://esm.sh/v103/fp-ts@2.13.1/lib/Contravariant.d.ts": "6734623d2cc33629b31a292eae39bc66a683bc193f583126a78d3417fef46686",
    "https://esm.sh/v103/fp-ts@2.13.1/lib/DistributiveLattice.d.ts": "1b669703b11811671ad22d6fa0af298ba42e16d983b988caa4e542bc0a70e823",
    "https://esm.sh/v103/fp-ts@2.13.1/lib/Either.d.ts": "4297a2dd20f95f8780fe061cd39e29989e16eab0e13f331bb0c9f46e9c4d44f9",
    "https://esm.sh/v103/fp-ts@2.13.1/lib/Endomorphism.d.ts": "8cf72629a718cf9ceace518413e19c48557a176443e7c1746ad51770824bd273",
    "https://esm.sh/v103/fp-ts@2.13.1/lib/Eq.d.ts": "efe2ca0ab707634ba2009bcb8307b4939d823b8c7084d61862847d911bd89d9a",
    "https://esm.sh/v103/fp-ts@2.13.1/lib/Extend.d.ts": "fabaa53934e30e5625a7a8480182a82db44e7a78e273b4a21d3e1ad8d4791414",
    "https://esm.sh/v103/fp-ts@2.13.1/lib/Filterable.d.ts": "081f2de08efb70f86b34c109583650000dac079c49394994481d3a0c0f6abcf9",
    "https://esm.sh/v103/fp-ts@2.13.1/lib/FilterableWithIndex.d.ts": "72eb127bc038bbbe72c6c9556f2c9f113a18920858e708f900ddaed5066d254e",
    "https://esm.sh/v103/fp-ts@2.13.1/lib/Foldable.d.ts": "959e4771d46a5610053a00a09904035023724d41ee3f2e9bce2caac2d4dd5b8c",
    "https://esm.sh/v103/fp-ts@2.13.1/lib/FoldableWithIndex.d.ts": "6685f1057f8f8178048d9607b1f7b9386b892be789c174e1b99c6f981ca2ba21",
    "https://esm.sh/v103/fp-ts@2.13.1/lib/FromEither.d.ts": "9ce5677ebfe1fd0dfcf4cbc3f3f913898c6266275bf92f4dda7fa9917e6b0f8d",
    "https://esm.sh/v103/fp-ts@2.13.1/lib/Functor.d.ts": "b8cfe8e6bc6cb0049997c8d161fb17aadfd4e23582c4fee7fd8ecfa075ad4f8d",
    "https://esm.sh/v103/fp-ts@2.13.1/lib/FunctorWithIndex.d.ts": "d08d02d5bab803425c8e5fbebdd6dd5d0deb87a91766de25f28df92d8ff04158",
    "https://esm.sh/v103/fp-ts@2.13.1/lib/HeytingAlgebra.d.ts": "68a537c0f216a1880c7eb97eec71e44bb82cbf9afee2cb994579f48747cc8937",
    "https://esm.sh/v103/fp-ts@2.13.1/lib/JoinSemilattice.d.ts": "0dffb71a150679ddb64f93ee1dc1c4e0a9c29e7e955c58b784be425d9dade113",
    "https://esm.sh/v103/fp-ts@2.13.1/lib/Lattice.d.ts": "23e3171ae58a3ce35cbd18ccc7b61af0680ce49e1132919127034de2e68791c7",
    "https://esm.sh/v103/fp-ts@2.13.1/lib/Magma.d.ts": "35ba6b45bdd0fffed5ddc385a6e215e06d4ee32a9a6bdc19a0a095d8ee3c6b88",
    "https://esm.sh/v103/fp-ts@2.13.1/lib/MeetSemilattice.d.ts": "912153b1d2a38807622e6786010b9ec3da099dccc5dc57cd991c9a38465bfa86",
    "https://esm.sh/v103/fp-ts@2.13.1/lib/Monad.d.ts": "e93e8e073cab5f05f73e8c6dbfcd7109ccfb61909ac65aad09274cfea0daac0c",
    "https://esm.sh/v103/fp-ts@2.13.1/lib/MonadThrow.d.ts": "cafea3406cac82a050ee6f84443b3e32389f25a0059dc14fcc235abf12260888",
    "https://esm.sh/v103/fp-ts@2.13.1/lib/Monoid.d.ts": "70700b596dcc48e2cda539f79d8cb38febfbcb6c4b97eca69a2c0fece123d9b0",
    "https://esm.sh/v103/fp-ts@2.13.1/lib/Option": "9c1fca8e9fb6c7d72e25b8b81cf368bfc803ed695f3bd28ecfaa7872c5284147",
    "https://esm.sh/v103/fp-ts@2.13.1/lib/Option.d.ts": "2a48adbdc4ed10478f2e9a828199cce07daeff89ab8598a190103127bf103c35",
    "https://esm.sh/v103/fp-ts@2.13.1/lib/Ord.d.ts": "f708dda812f9f1450e38ce46f62f687b774f155dc34e0c6ffc34437fbbc38a38",
    "https://esm.sh/v103/fp-ts@2.13.1/lib/Ordering.d.ts": "1a3c51fc90bc553ceb6c3a9abce23e8d8f7dc87e72c053696a6432ebb2548955",
    "https://esm.sh/v103/fp-ts@2.13.1/lib/Pointed.d.ts": "b781e4321cd052af482532f91faa4fe54e3e0265ba8aabe636beea721afe1464",
    "https://esm.sh/v103/fp-ts@2.13.1/lib/Predicate.d.ts": "17d5ee721c988aaaaf76876858bcb20781987e74b0bbd5ed574ea7e8aae92ceb",
    "https://esm.sh/v103/fp-ts@2.13.1/lib/ReadonlyNonEmptyArray.d.ts": "01a778e118b4875859d461bfc8f9e79f2aafb060efea7091d21c6b52b359518d",
    "https://esm.sh/v103/fp-ts@2.13.1/lib/ReadonlyRecord.d.ts": "e091fc810421497780ba3a1023a9e538bf46137e66bdebf0f441938c1f01c2bb",
    "https://esm.sh/v103/fp-ts@2.13.1/lib/Record": "d4b776fbb933c7929bf2f571b34cad43deca89ff05c15204dc23becc2a1ff998",
    "https://esm.sh/v103/fp-ts@2.13.1/lib/Record.d.ts": "064417f23fc801c35bc1f02c05ffd40c7f2fb8127eab2fdd2615d3535c13809a",
    "https://esm.sh/v103/fp-ts@2.13.1/lib/Refinement.d.ts": "0e7aa138723481f1e65b2454630b8bd2a646f09efebc864ca8c20733b2bef0f9",
    "https://esm.sh/v103/fp-ts@2.13.1/lib/Ring.d.ts": "834b2890583b4f97189a9172a4e3310e46ffa01972214bea4a741f47ac8b5642",
    "https://esm.sh/v103/fp-ts@2.13.1/lib/Semigroup.d.ts": "26b650479bab7e2794cbaf7509cab0f49eebcdf470c65beed48dc11bda9399e9",
    "https://esm.sh/v103/fp-ts@2.13.1/lib/Semiring.d.ts": "4d11730841ec9de1b0a257a36f1dcf329d458703972e202adabf45cc11ad0b7e",
    "https://esm.sh/v103/fp-ts@2.13.1/lib/Separated.d.ts": "466554c2570587b44f33abe7f9bf1e7779d6bcb57b4dc20a58dd76b34dbc1b24",
    "https://esm.sh/v103/fp-ts@2.13.1/lib/Show.d.ts": "b96043db0ad7c4ea8b4bc4b0bfd395f191a9f41d127f4185b72605a4ad370541",
    "https://esm.sh/v103/fp-ts@2.13.1/lib/Traversable.d.ts": "e02b9d520dc1005fb0923fad55472960a6955ea98864d41d54fafc8a3fc1b668",
    "https://esm.sh/v103/fp-ts@2.13.1/lib/TraversableWithIndex.d.ts": "25774ba569d3275492fbbde792e3db29b6b15ef82ba6692f3f2659921efa740f",
    "https://esm.sh/v103/fp-ts@2.13.1/lib/Unfoldable.d.ts": "a5d0ea7e38e264bc6198eccaf79cfc917d2a7c86b6eea6a469ae83994bcc0f41",
    "https://esm.sh/v103/fp-ts@2.13.1/lib/Witherable.d.ts": "35b72c45b7db663e0b8a25ff8f5f4a7a57a865fe8434a1227b62dfbb742339de",
    "https://esm.sh/v103/fp-ts@2.13.1/lib/Zero.d.ts": "655b6b3247181ad5f577938ccac42aea093285268351bb840110ec1076a4d8ee",
    "https://esm.sh/v103/fp-ts@2.13.1/lib/function": "c042ea8a2b64b32c22da64960ec529760a7e1cd31b315c90a7fc218907c9f8e9",
    "https://esm.sh/v103/fp-ts@2.13.1/lib/function.d.ts": "c48ff763d6193086d61ee75a3f9352a7385165a5825b65bb2527c2838666ccaa",
    "https://esm.sh/v111/fp-ts@2.13.1/deno/Option.js": "2005136b49aeecab9ac1181659a7401f37824fe3f9ef534b7a1ad9bdff47e871",
    "https://esm.sh/v111/fp-ts@2.13.1/deno/Task.js": "953c613096ae9612fa281da217a804856e83c7f8e0e440a996599c53a53a19f8",
    "https://esm.sh/v111/fp-ts@2.13.1/deno/TaskEither.js": "f2178e400af015a958e17984617810a7dbc2408ac597db959f7fdfa2c56f65a2",
    "https://esm.sh/v111/fp-ts@2.13.1/deno/TaskOption.js": "77b908935524b9e29c2d5b8d6d41e9eb0ba3cbb5e36fc0d6a7e6e3489dad0179",
    "https://esm.sh/v111/fp-ts@2.13.1/deno/es6/Applicative.js": "bcb58efda6c8c3d6b6a7a77922db04e8fb3f1291bbb39368c6e8ee5019c096bc",
    "https://esm.sh/v111/fp-ts@2.13.1/deno/es6/Apply.js": "27fa9b359f3e976be1984f6de9c89dcd71bac446aaa99a6b29039e2c03172eab",
    "https://esm.sh/v111/fp-ts@2.13.1/deno/es6/Chain.js": "fafb21a34b368118e323fb292fa80ce26e4dec65c6bcf35923508677e3eca9bf",
    "https://esm.sh/v111/fp-ts@2.13.1/deno/es6/ChainRec.js": "0d18a5356a6d189dc49ca46d0adf996249c37aae8f40c44ff3429f1933c6956a",
    "https://esm.sh/v111/fp-ts@2.13.1/deno/es6/Compactable.js": "f44229e68ee1f3e51c7997993e49b13216c817d5b3fae1135b5659d2a250fb43",
    "https://esm.sh/v111/fp-ts@2.13.1/deno/es6/Either.js": "5182210b13e91eb5d8555164ccbc078bb3132d298a020d6c59eeec43f9620e28",
    "https://esm.sh/v111/fp-ts@2.13.1/deno/es6/EitherT.js": "8f4e724c2a0adbce051bb86fc7cac2816c5435530fa71630cb4718af4f48d77a",
    "https://esm.sh/v111/fp-ts@2.13.1/deno/es6/Eq.js": "2d04bcbc95ccd87b9514d4b38e99f2f327318860977ef0d8f87e90478f0f4f3e",
    "https://esm.sh/v111/fp-ts@2.13.1/deno/es6/Filterable.js": "a40342b133e3b708d103aaf5136a0c3baa406fe9815e81237f0e6e7e75b3b2f5",
    "https://esm.sh/v111/fp-ts@2.13.1/deno/es6/FromEither.js": "b78e08f58cc12c0bd35400aa4c61e6c15172ede83b8774d5adfdb130bc849c0f",
    "https://esm.sh/v111/fp-ts@2.13.1/deno/es6/FromIO.js": "3aac4f183720c93a63a70b9b0f4ffcdada084701e461ccfc6e2f84b1e7cc0416",
    "https://esm.sh/v111/fp-ts@2.13.1/deno/es6/FromTask.js": "0d3b24d0bb89e1c6b9093c2fb31bf788c0783a85747ec022b2e946cef8f68272",
    "https://esm.sh/v111/fp-ts@2.13.1/deno/es6/Functor.js": "004791ae69426c08b32b74e3ae63de520bf16c76da26084aff46283ec3568a5a",
    "https://esm.sh/v111/fp-ts@2.13.1/deno/es6/Magma.js": "42046ba5ac230721019db123908c202d467581e2811f35dccc7c5a640f676c33",
    "https://esm.sh/v111/fp-ts@2.13.1/deno/es6/Option.js": "f40e20add88737e75a6ab6ccec3322d9073e7d33a8791cdc38f9b5262aa9e1e9",
    "https://esm.sh/v111/fp-ts@2.13.1/deno/es6/OptionT.js": "691270230c1e0661f7bc3bbbfc1246946360d6b8a5a4d34aa83b72e19e2db0a9",
    "https://esm.sh/v111/fp-ts@2.13.1/deno/es6/Ord.js": "56aa4084cb50fea8f13a18cb5f2d341ec37764b0eedfc6b63057bc1d387261a2",
    "https://esm.sh/v111/fp-ts@2.13.1/deno/es6/Predicate.js": "39c4d7c86d98f2e9ba70e47c484db52441ce53407f7c21d75ce49d5729669b75",
    "https://esm.sh/v111/fp-ts@2.13.1/deno/es6/Semigroup.js": "9cc4c9afee2d7af595cecfa177932964697769cdf849e9b70ae55318cd22bd52",
    "https://esm.sh/v111/fp-ts@2.13.1/deno/es6/Separated.js": "93d1c7302900ede75b36011bcea196c049b1c3f612a054fda6bfbd3b746a3bf1",
    "https://esm.sh/v111/fp-ts@2.13.1/deno/es6/Task.js": "3c01b517d074e37383e76e1f3f8e76a9adabb74af23d9b208e0962fa738608df",
    "https://esm.sh/v111/fp-ts@2.13.1/deno/es6/Witherable.js": "9e5bfe118573c527b9a36b754cd389343d0e31568fba56c655f3c2ea7f8a109d",
    "https://esm.sh/v111/fp-ts@2.13.1/deno/es6/Zero.js": "1f0302fc3bd4fffa6428c5f3201c42b3f598796dae5cf904adf51d3995bd745a",
    "https://esm.sh/v111/fp-ts@2.13.1/deno/es6/function.js": "896996719d1a858d8db120acfe4256881f7ecac52bd06b3712bba550dfae0cbb",
    "https://esm.sh/v111/fp-ts@2.13.1/deno/es6/internal.js": "18db9269c9e766f0ab37650ca2b3a0756e89c891d8b7f95d4a2ff53b82b82738",
    "https://esm.sh/v111/fp-ts@2.13.1/deno/function.js": "a899f73f0a17610a9e22126cad76f630233914a02bd5482099220c46708829c8",
    "https://esm.sh/v111/fp-ts@2.13.1/lib/Alt.d.ts": "335b619142541a766013dd602c4f8e514092aa9ad1d5ed60ba79664feabd8840",
    "https://esm.sh/v111/fp-ts@2.13.1/lib/Alternative.d.ts": "c346e74c73127f0a5e887fc6ffac8d3db38dd1e33536d48832639488552fac9b",
    "https://esm.sh/v111/fp-ts@2.13.1/lib/Applicative.d.ts": "aafe863b8d5a905859d461e85992eeb13b62033203cf40489724f08f0cc97176",
    "https://esm.sh/v111/fp-ts@2.13.1/lib/Apply.d.ts": "47e0100ff9114211e2aaa6e8ac8054fd2599727f0a60b037dcae333c5bbf217a",
    "https://esm.sh/v111/fp-ts@2.13.1/lib/Bifunctor.d.ts": "64a547ccb368ba42307bbdf3a0552916ba1bc0dfca54edb61c5ad859b2061bb5",
    "https://esm.sh/v111/fp-ts@2.13.1/lib/BooleanAlgebra.d.ts": "0ace63c2b6fb78dbb43da90cd5cf9f773427ac32d254beebf78801b0b0423cff",
    "https://esm.sh/v111/fp-ts@2.13.1/lib/Bounded.d.ts": "fef9c8878c6b78560da003bf59e4d1e0f1af9a4bd15310f48ec9376b9ce1c5c8",
    "https://esm.sh/v111/fp-ts@2.13.1/lib/BoundedDistributiveLattice.d.ts": "5f4aad52b72a6a9c45e9ca942bb314760ee0cdf41b253db952d58a92f49cc8ed",
    "https://esm.sh/v111/fp-ts@2.13.1/lib/BoundedJoinSemilattice.d.ts": "7e43c5e40678c6fda9d13d874e4aa5cf692e656717499a63b278f45c0f54363a",
    "https://esm.sh/v111/fp-ts@2.13.1/lib/BoundedLattice.d.ts": "131fb1560244281221b3d97fc4568e7fb3b68aeccaa117741a789093bc7cc9fe",
    "https://esm.sh/v111/fp-ts@2.13.1/lib/BoundedMeetSemilattice.d.ts": "bf354f68efc8f1f57aa66c887b6b00a483f43a158d4b93c408784966ca50bbc8",
    "https://esm.sh/v111/fp-ts@2.13.1/lib/Chain.d.ts": "10ec339a80b730d76e46f3d6694d24726eb644c8f1a668f259b90ac8354237b9",
    "https://esm.sh/v111/fp-ts@2.13.1/lib/ChainRec.d.ts": "4614917344f1a4bfe5a913d1cebcb9a4797ed772f0f741d9a62c6e39d22e1983",
    "https://esm.sh/v111/fp-ts@2.13.1/lib/Comonad.d.ts": "ebd8e7acb6f988bd90948f754ec3d09fdddd1f44c078d27e6795b776083e143f",
    "https://esm.sh/v111/fp-ts@2.13.1/lib/Compactable.d.ts": "5a7c099d765367ff27cdc4352fee6bb5acc9f60a1db23a1b0641356fda1d2f7f",
    "https://esm.sh/v111/fp-ts@2.13.1/lib/Contravariant.d.ts": "6734623d2cc33629b31a292eae39bc66a683bc193f583126a78d3417fef46686",
    "https://esm.sh/v111/fp-ts@2.13.1/lib/DistributiveLattice.d.ts": "1b669703b11811671ad22d6fa0af298ba42e16d983b988caa4e542bc0a70e823",
    "https://esm.sh/v111/fp-ts@2.13.1/lib/Either.d.ts": "4297a2dd20f95f8780fe061cd39e29989e16eab0e13f331bb0c9f46e9c4d44f9",
    "https://esm.sh/v111/fp-ts@2.13.1/lib/Endomorphism.d.ts": "8cf72629a718cf9ceace518413e19c48557a176443e7c1746ad51770824bd273",
    "https://esm.sh/v111/fp-ts@2.13.1/lib/Eq.d.ts": "efe2ca0ab707634ba2009bcb8307b4939d823b8c7084d61862847d911bd89d9a",
    "https://esm.sh/v111/fp-ts@2.13.1/lib/Extend.d.ts": "fabaa53934e30e5625a7a8480182a82db44e7a78e273b4a21d3e1ad8d4791414",
    "https://esm.sh/v111/fp-ts@2.13.1/lib/Filterable.d.ts": "081f2de08efb70f86b34c109583650000dac079c49394994481d3a0c0f6abcf9",
    "https://esm.sh/v111/fp-ts@2.13.1/lib/FilterableWithIndex.d.ts": "72eb127bc038bbbe72c6c9556f2c9f113a18920858e708f900ddaed5066d254e",
    "https://esm.sh/v111/fp-ts@2.13.1/lib/Foldable.d.ts": "959e4771d46a5610053a00a09904035023724d41ee3f2e9bce2caac2d4dd5b8c",
    "https://esm.sh/v111/fp-ts@2.13.1/lib/FoldableWithIndex.d.ts": "6685f1057f8f8178048d9607b1f7b9386b892be789c174e1b99c6f981ca2ba21",
    "https://esm.sh/v111/fp-ts@2.13.1/lib/FromEither.d.ts": "9ce5677ebfe1fd0dfcf4cbc3f3f913898c6266275bf92f4dda7fa9917e6b0f8d",
    "https://esm.sh/v111/fp-ts@2.13.1/lib/FromIO.d.ts": "361c195b85a0e7404829c4de6b8622c842636cb81bd62ab2f618bf98e057e33e",
    "https://esm.sh/v111/fp-ts@2.13.1/lib/FromTask.d.ts": "75e9ba131e0c0e2402d262fcd3713b6189546d6e54434ecac6dd3df9187eb77b",
    "https://esm.sh/v111/fp-ts@2.13.1/lib/Functor.d.ts": "b8cfe8e6bc6cb0049997c8d161fb17aadfd4e23582c4fee7fd8ecfa075ad4f8d",
    "https://esm.sh/v111/fp-ts@2.13.1/lib/FunctorWithIndex.d.ts": "d08d02d5bab803425c8e5fbebdd6dd5d0deb87a91766de25f28df92d8ff04158",
    "https://esm.sh/v111/fp-ts@2.13.1/lib/HeytingAlgebra.d.ts": "68a537c0f216a1880c7eb97eec71e44bb82cbf9afee2cb994579f48747cc8937",
    "https://esm.sh/v111/fp-ts@2.13.1/lib/IO.d.ts": "b1fc887a63e33806e3166c3375fb4de5f93d190051bb59505286287e72eeee98",
    "https://esm.sh/v111/fp-ts@2.13.1/lib/IOEither.d.ts": "70646a19c557fa18fa62b77d47eb9055e0d8aeae564973d3e9413d0879f5c6b6",
    "https://esm.sh/v111/fp-ts@2.13.1/lib/JoinSemilattice.d.ts": "0dffb71a150679ddb64f93ee1dc1c4e0a9c29e7e955c58b784be425d9dade113",
    "https://esm.sh/v111/fp-ts@2.13.1/lib/Lattice.d.ts": "23e3171ae58a3ce35cbd18ccc7b61af0680ce49e1132919127034de2e68791c7",
    "https://esm.sh/v111/fp-ts@2.13.1/lib/Magma.d.ts": "35ba6b45bdd0fffed5ddc385a6e215e06d4ee32a9a6bdc19a0a095d8ee3c6b88",
    "https://esm.sh/v111/fp-ts@2.13.1/lib/MeetSemilattice.d.ts": "912153b1d2a38807622e6786010b9ec3da099dccc5dc57cd991c9a38465bfa86",
    "https://esm.sh/v111/fp-ts@2.13.1/lib/Monad.d.ts": "e93e8e073cab5f05f73e8c6dbfcd7109ccfb61909ac65aad09274cfea0daac0c",
    "https://esm.sh/v111/fp-ts@2.13.1/lib/MonadIO.d.ts": "b877b51a960e85c44515389a7f3c0b117c572c99d1c929266bb8b7bc3433a5a7",
    "https://esm.sh/v111/fp-ts@2.13.1/lib/MonadTask.d.ts": "ebe9e2be1e3d3f024a3fd0a2ee59c2e660d676c34211af722adbe1f82365384a",
    "https://esm.sh/v111/fp-ts@2.13.1/lib/MonadThrow.d.ts": "cafea3406cac82a050ee6f84443b3e32389f25a0059dc14fcc235abf12260888",
    "https://esm.sh/v111/fp-ts@2.13.1/lib/Monoid.d.ts": "70700b596dcc48e2cda539f79d8cb38febfbcb6c4b97eca69a2c0fece123d9b0",
    "https://esm.sh/v111/fp-ts@2.13.1/lib/Option.d.ts": "2a48adbdc4ed10478f2e9a828199cce07daeff89ab8598a190103127bf103c35",
    "https://esm.sh/v111/fp-ts@2.13.1/lib/Ord.d.ts": "f708dda812f9f1450e38ce46f62f687b774f155dc34e0c6ffc34437fbbc38a38",
    "https://esm.sh/v111/fp-ts@2.13.1/lib/Ordering.d.ts": "1a3c51fc90bc553ceb6c3a9abce23e8d8f7dc87e72c053696a6432ebb2548955",
    "https://esm.sh/v111/fp-ts@2.13.1/lib/Pointed.d.ts": "b781e4321cd052af482532f91faa4fe54e3e0265ba8aabe636beea721afe1464",
    "https://esm.sh/v111/fp-ts@2.13.1/lib/Predicate.d.ts": "17d5ee721c988aaaaf76876858bcb20781987e74b0bbd5ed574ea7e8aae92ceb",
    "https://esm.sh/v111/fp-ts@2.13.1/lib/ReadonlyNonEmptyArray.d.ts": "01a778e118b4875859d461bfc8f9e79f2aafb060efea7091d21c6b52b359518d",
    "https://esm.sh/v111/fp-ts@2.13.1/lib/ReadonlyRecord.d.ts": "e091fc810421497780ba3a1023a9e538bf46137e66bdebf0f441938c1f01c2bb",
    "https://esm.sh/v111/fp-ts@2.13.1/lib/Refinement.d.ts": "0e7aa138723481f1e65b2454630b8bd2a646f09efebc864ca8c20733b2bef0f9",
    "https://esm.sh/v111/fp-ts@2.13.1/lib/Ring.d.ts": "834b2890583b4f97189a9172a4e3310e46ffa01972214bea4a741f47ac8b5642",
    "https://esm.sh/v111/fp-ts@2.13.1/lib/Semigroup.d.ts": "26b650479bab7e2794cbaf7509cab0f49eebcdf470c65beed48dc11bda9399e9",
    "https://esm.sh/v111/fp-ts@2.13.1/lib/Semiring.d.ts": "4d11730841ec9de1b0a257a36f1dcf329d458703972e202adabf45cc11ad0b7e",
    "https://esm.sh/v111/fp-ts@2.13.1/lib/Separated.d.ts": "466554c2570587b44f33abe7f9bf1e7779d6bcb57b4dc20a58dd76b34dbc1b24",
    "https://esm.sh/v111/fp-ts@2.13.1/lib/Show.d.ts": "b96043db0ad7c4ea8b4bc4b0bfd395f191a9f41d127f4185b72605a4ad370541",
    "https://esm.sh/v111/fp-ts@2.13.1/lib/Task.d.ts": "d20d0beca780387737151d477c059a32368971b7585821af4a1964c57b5523be",
    "https://esm.sh/v111/fp-ts@2.13.1/lib/TaskEither.d.ts": "f27c965ecc2b2335c17a2da9842a78fbd025f06fd94c8ae3c24b210c073d8e48",
    "https://esm.sh/v111/fp-ts@2.13.1/lib/TaskOption.d.ts": "5871eac17e020fd61d500e1bbe742b732e4cb87a0947ce66c2f6142d9f28951c",
    "https://esm.sh/v111/fp-ts@2.13.1/lib/Traversable.d.ts": "e02b9d520dc1005fb0923fad55472960a6955ea98864d41d54fafc8a3fc1b668",
    "https://esm.sh/v111/fp-ts@2.13.1/lib/TraversableWithIndex.d.ts": "25774ba569d3275492fbbde792e3db29b6b15ef82ba6692f3f2659921efa740f",
    "https://esm.sh/v111/fp-ts@2.13.1/lib/Unfoldable.d.ts": "a5d0ea7e38e264bc6198eccaf79cfc917d2a7c86b6eea6a469ae83994bcc0f41",
    "https://esm.sh/v111/fp-ts@2.13.1/lib/Witherable.d.ts": "35b72c45b7db663e0b8a25ff8f5f4a7a57a865fe8434a1227b62dfbb742339de",
    "https://esm.sh/v111/fp-ts@2.13.1/lib/Zero.d.ts": "655b6b3247181ad5f577938ccac42aea093285268351bb840110ec1076a4d8ee",
    "https://esm.sh/v111/fp-ts@2.13.1/lib/function.d.ts": "c48ff763d6193086d61ee75a3f9352a7385165a5825b65bb2527c2838666ccaa"
  }
}
